PODS:
  - TIMSDK (2.5.1):
    - TIMSDK/Base (= 2.5.1)
    - TIMSDK/Bugly (= 2.5.1)
    - TIMSDK/Core (= 2.5.1)
    - TIMSDK/QALHttp (= 2.5.1)
  - TIMSDK/Base (2.5.1)
  - TIMSDK/Bugly (2.5.1):
    - TIMSDK/Base
  - TIMSDK/Core (2.5.1):
    - TIMSDK/Base
  - TIMSDK/QALHttp (2.5.1):
    - TIMSDK/Base

DEPENDENCIES:
  - TIMSDK (from `../`)

EXTERNAL SOURCES:
  TIMSDK:
    :path: "../"

SPEC CHECKSUMS:
  TIMSDK: 82ec473271da155d31c1d4ebf8fe93093afcb592

PODFILE CHECKSUM: e4f8684f51fd7a9a108e54317244b5698bfe1976

COCOAPODS: 1.1.1
