PODS:
  - TIMSDK (2.2.0):
    - TIMSDK/Base (= 2.2.0)
    - TIMSDK/Bugly (= 2.2.0)
    - TIMSDK/Core (= 2.2.0)
    - TIMSDK/QALHttp (= 2.2.0)
  - TIMSDK/Base (2.2.0)
  - TIMSDK/Bugly (2.2.0):
    - TIMSDK/Base
  - TIMSDK/Core (2.2.0):
    - TIMSDK/Base
  - TIMSDK/QALHttp (2.2.0):
    - TIMSDK/Base

DEPENDENCIES:
  - TIMSDK (= 2.2.0)

SPEC CHECKSUMS:
  TIMSDK: de9112903f1835ef1ab4bbe21cc816db05de79c1

PODFILE CHECKSUM: 5aa80456be6a9f4e7feb5a5db61c6b51c62d2390

COCOAPODS: 1.0.1
